{
  "requires": true,
  "lockfileVersion": 1,
  "dependencies": {
    "@react-navigation/elements": {
      "version": "1.0.1",
      "resolved": "https://registry.npmjs.org/@react-navigation/elements/-/elements-1.0.1.tgz",
      "integrity": "sha512-KU6DPqmFmD4E+AwXOBzrqVBYG1Gd8HzPfbCk1PGzUjIiQOg6xv1pyfJ/d2x6aEOzxX5jtuNVCx6S553ZLkJP9Q=="
    },
    "@react-navigation/native-stack": {
      "version": "6.0.1",
      "resolved": "https://registry.npmjs.org/@react-navigation/native-stack/-/native-stack-6.0.1.tgz",
      "integrity": "sha512-pj7lqLnS1dGonBYOLycwi+C+73EEjZdRbPueJX8RaiEF/LSZ3shLRqiBffPzpnM+y3NQqSWH5rYqnzH4W7kyhw==",
      "requires": {
        "@react-navigation/elements": "^1.0.1",
        "warn-once": "^0.1.0"
      }
    },
    "warn-once": {
      "version": "0.1.0",
      "resolved": "https://registry.npmjs.org/warn-once/-/warn-once-0.1.0.tgz",
      "integrity": "sha512-recZTSvuaH/On5ZU5ywq66y99lImWqzP93+AiUo9LUwG8gXHW+LJjhOd6REJHm7qb0niYqrEQJvbHSQfuJtTqA=="
    }
  }
}
